
Microsoft Visual Studio Solution File, Format Version 12.00
# Visual Studio Version 16
VisualStudioVersion = 16.0.31129.286
MinimumVisualStudioVersion = 10.0.40219.1
Project("{FAE04EC0-301F-11D3-BF4B-00C04F79EFBC}") = "SerilogExercise", "SerilogExercise\SerilogExercise.csproj", "{131A137B-0302-41B6-BC51-7C148915265B}"
EndProject
Global
	GlobalSection(SolutionConfigurationPlatforms) = preSolution
		Debug|Any CPU = Debug|Any CPU
		Release|Any CPU = Release|Any CPU
	EndGlobalSection
	GlobalSection(ProjectConfigurationPlatforms) = postSolution
		{131A137B-0302-41B6-BC51-7C148915265B}.Debug|Any CPU.ActiveCfg = Debug|Any CPU
		{131A137B-0302-41B6-BC51-7C148915265B}.Debug|Any CPU.Build.0 = Debug|Any CPU
		{131A137B-0302-41B6-BC51-7C148915265B}.Release|Any CPU.ActiveCfg = Release|Any CPU
		{131A137B-0302-41B6-BC51-7C148915265B}.Release|Any CPU.Build.0 = Release|Any CPU
	EndGlobalSection
	GlobalSection(SolutionProperties) = preSolution
		HideSolutionNode = FALSE
	EndGlobalSection
	GlobalSection(ExtensibilityGlobals) = postSolution
		SolutionGuid = {6820CC4C-C1E3-4933-99DA-9566437385B2}
	EndGlobalSection
EndGlobal
